dependencies:
- name: kafka
  repository: https://charts.bitnami.com/bitnami
  version: 11.8.8
- name: postgresql
  repository: https://charts.bitnami.com/bitnami
  version: 9.8.7
digest: sha256:2350190a930aaa7131770c3bd44c6ef3a62f1815eb78efa4418636ad55cab4a2
generated: "2020-10-29T15:52:30.580177+03:00"
